
Microsoft Visual Studio Solution File, Format Version 12.00
# Visual Studio Version 16
VisualStudioVersion = 16.0.30320.27
MinimumVisualStudioVersion = 10.0.40219.1
Project("{FAE04EC0-301F-11D3-BF4B-00C04F79EFBC}") = "NamingElement", "NamingElement\NamingElement.csproj", "{6C08BD51-DF45-4E3C-95E6-3505FCC55D7A}"
EndProject
Global
	GlobalSection(SolutionConfigurationPlatforms) = preSolution
		Debug|Any CPU = Debug|Any CPU
		Release|Any CPU = Release|Any CPU
	EndGlobalSection
	GlobalSection(ProjectConfigurationPlatforms) = postSolution
		{6C08BD51-DF45-4E3C-95E6-3505FCC55D7A}.Debug|Any CPU.ActiveCfg = Debug|Any CPU
		{6C08BD51-DF45-4E3C-95E6-3505FCC55D7A}.Debug|Any CPU.Build.0 = Debug|Any CPU
		{6C08BD51-DF45-4E3C-95E6-3505FCC55D7A}.Release|Any CPU.ActiveCfg = Release|Any CPU
		{6C08BD51-DF45-4E3C-95E6-3505FCC55D7A}.Release|Any CPU.Build.0 = Release|Any CPU
	EndGlobalSection
	GlobalSection(SolutionProperties) = preSolution
		HideSolutionNode = FALSE
	EndGlobalSection
	GlobalSection(ExtensibilityGlobals) = postSolution
		SolutionGuid = {3BA6EA17-7AE2-4974-AB21-B6D0D6A2E568}
	EndGlobalSection
EndGlobal
