
Microsoft Visual Studio Solution File, Format Version 12.00
# Visual Studio Version 17
VisualStudioVersion = 17.9.34728.123
MinimumVisualStudioVersion = 10.0.40219.1
Project("{FAE04EC0-301F-11D3-BF4B-00C04F79EFBC}") = "LogicalTreeAndVisualTree", "LogicalTreeAndVisualTree\LogicalTreeAndVisualTree.csproj", "{AD99F2B2-0DA7-41A6-8D95-98591DEE8B76}"
EndProject
Global
	GlobalSection(SolutionConfigurationPlatforms) = preSolution
		Debug|Any CPU = Debug|Any CPU
		Release|Any CPU = Release|Any CPU
	EndGlobalSection
	GlobalSection(ProjectConfigurationPlatforms) = postSolution
		{AD99F2B2-0DA7-41A6-8D95-98591DEE8B76}.Debug|Any CPU.ActiveCfg = Debug|Any CPU
		{AD99F2B2-0DA7-41A6-8D95-98591DEE8B76}.Debug|Any CPU.Build.0 = Debug|Any CPU
		{AD99F2B2-0DA7-41A6-8D95-98591DEE8B76}.Release|Any CPU.ActiveCfg = Release|Any CPU
		{AD99F2B2-0DA7-41A6-8D95-98591DEE8B76}.Release|Any CPU.Build.0 = Release|Any CPU
	EndGlobalSection
	GlobalSection(SolutionProperties) = preSolution
		HideSolutionNode = FALSE
	EndGlobalSection
	GlobalSection(ExtensibilityGlobals) = postSolution
		SolutionGuid = {C045819D-F559-4F4E-A403-FCF33521FE34}
	EndGlobalSection
EndGlobal
