
Microsoft Visual Studio Solution File, Format Version 12.00
# Visual Studio Version 16
VisualStudioVersion = 16.0.30320.27
MinimumVisualStudioVersion = 10.0.40219.1
Project("{FAE04EC0-301F-11D3-BF4B-00C04F79EFBC}") = "WPFProperty", "WPFProperty\WPFProperty.csproj", "{7D9A4991-C3F5-46DE-8B19-F7652264441F}"
EndProject
Global
	GlobalSection(SolutionConfigurationPlatforms) = preSolution
		Debug|Any CPU = Debug|Any CPU
		Release|Any CPU = Release|Any CPU
	EndGlobalSection
	GlobalSection(ProjectConfigurationPlatforms) = postSolution
		{7D9A4991-C3F5-46DE-8B19-F7652264441F}.Debug|Any CPU.ActiveCfg = Debug|Any CPU
		{7D9A4991-C3F5-46DE-8B19-F7652264441F}.Debug|Any CPU.Build.0 = Debug|Any CPU
		{7D9A4991-C3F5-46DE-8B19-F7652264441F}.Release|Any CPU.ActiveCfg = Release|Any CPU
		{7D9A4991-C3F5-46DE-8B19-F7652264441F}.Release|Any CPU.Build.0 = Release|Any CPU
	EndGlobalSection
	GlobalSection(SolutionProperties) = preSolution
		HideSolutionNode = FALSE
	EndGlobalSection
	GlobalSection(ExtensibilityGlobals) = postSolution
		SolutionGuid = {34BDA540-B9A7-44C4-B89F-FC9E7A0C98F0}
	EndGlobalSection
EndGlobal
