
Microsoft Visual Studio Solution File, Format Version 12.00
# Visual Studio Version 16
VisualStudioVersion = 16.0.30320.27
MinimumVisualStudioVersion = 10.0.40219.1
Project("{9A19103F-16F7-4668-BE54-9A1E7A4F7556}") = "GridPanel", "GridPanel\GridPanel.csproj", "{F66F1FDC-05F4-4243-99CA-2D461DF1D3AA}"
EndProject
Project("{FAE04EC0-301F-11D3-BF4B-00C04F79EFBC}") = "StackPanelDemo", "StackPanelDemo\StackPanelDemo.csproj", "{B3DD1098-32A6-421A-9345-DFD7588221CE}"
EndProject
Project("{FAE04EC0-301F-11D3-BF4B-00C04F79EFBC}") = "WrapPanelDemo", "WrapPanelDemo\WrapPanelDemo.csproj", "{74B9217A-BCE9-47F1-8AD9-41397BED7BC6}"
EndProject
Project("{FAE04EC0-301F-11D3-BF4B-00C04F79EFBC}") = "DockPanelDemo", "DockPanelDemo\DockPanelDemo.csproj", "{D485D62A-9DEA-435B-9478-04E375BE663E}"
EndProject
Global
	GlobalSection(SolutionConfigurationPlatforms) = preSolution
		Debug|Any CPU = Debug|Any CPU
		Release|Any CPU = Release|Any CPU
	EndGlobalSection
	GlobalSection(ProjectConfigurationPlatforms) = postSolution
		{F66F1FDC-05F4-4243-99CA-2D461DF1D3AA}.Debug|Any CPU.ActiveCfg = Debug|Any CPU
		{F66F1FDC-05F4-4243-99CA-2D461DF1D3AA}.Debug|Any CPU.Build.0 = Debug|Any CPU
		{F66F1FDC-05F4-4243-99CA-2D461DF1D3AA}.Release|Any CPU.ActiveCfg = Release|Any CPU
		{F66F1FDC-05F4-4243-99CA-2D461DF1D3AA}.Release|Any CPU.Build.0 = Release|Any CPU
		{B3DD1098-32A6-421A-9345-DFD7588221CE}.Debug|Any CPU.ActiveCfg = Debug|Any CPU
		{B3DD1098-32A6-421A-9345-DFD7588221CE}.Debug|Any CPU.Build.0 = Debug|Any CPU
		{B3DD1098-32A6-421A-9345-DFD7588221CE}.Release|Any CPU.ActiveCfg = Release|Any CPU
		{B3DD1098-32A6-421A-9345-DFD7588221CE}.Release|Any CPU.Build.0 = Release|Any CPU
		{74B9217A-BCE9-47F1-8AD9-41397BED7BC6}.Debug|Any CPU.ActiveCfg = Debug|Any CPU
		{74B9217A-BCE9-47F1-8AD9-41397BED7BC6}.Debug|Any CPU.Build.0 = Debug|Any CPU
		{74B9217A-BCE9-47F1-8AD9-41397BED7BC6}.Release|Any CPU.ActiveCfg = Release|Any CPU
		{74B9217A-BCE9-47F1-8AD9-41397BED7BC6}.Release|Any CPU.Build.0 = Release|Any CPU
		{D485D62A-9DEA-435B-9478-04E375BE663E}.Debug|Any CPU.ActiveCfg = Debug|Any CPU
		{D485D62A-9DEA-435B-9478-04E375BE663E}.Debug|Any CPU.Build.0 = Debug|Any CPU
		{D485D62A-9DEA-435B-9478-04E375BE663E}.Release|Any CPU.ActiveCfg = Release|Any CPU
		{D485D62A-9DEA-435B-9478-04E375BE663E}.Release|Any CPU.Build.0 = Release|Any CPU
	EndGlobalSection
	GlobalSection(SolutionProperties) = preSolution
		HideSolutionNode = FALSE
	EndGlobalSection
	GlobalSection(ExtensibilityGlobals) = postSolution
		SolutionGuid = {F279BC8C-B035-425D-A169-207FBFB12292}
	EndGlobalSection
EndGlobal
