
Microsoft Visual Studio Solution File, Format Version 12.00
# Visual Studio Version 16
VisualStudioVersion = 16.0.30320.27
MinimumVisualStudioVersion = 10.0.40219.1
Project("{FAE04EC0-301F-11D3-BF4B-00C04F79EFBC}") = "ImportXmlns", "ImportXmlns\ImportXmlns.csproj", "{1A8E5DD5-0CA1-48FA-9647-D9701D5B3D3E}"
EndProject
Global
	GlobalSection(SolutionConfigurationPlatforms) = preSolution
		Debug|Any CPU = Debug|Any CPU
		Release|Any CPU = Release|Any CPU
	EndGlobalSection
	GlobalSection(ProjectConfigurationPlatforms) = postSolution
		{1A8E5DD5-0CA1-48FA-9647-D9701D5B3D3E}.Debug|Any CPU.ActiveCfg = Debug|Any CPU
		{1A8E5DD5-0CA1-48FA-9647-D9701D5B3D3E}.Debug|Any CPU.Build.0 = Debug|Any CPU
		{1A8E5DD5-0CA1-48FA-9647-D9701D5B3D3E}.Release|Any CPU.ActiveCfg = Release|Any CPU
		{1A8E5DD5-0CA1-48FA-9647-D9701D5B3D3E}.Release|Any CPU.Build.0 = Release|Any CPU
	EndGlobalSection
	GlobalSection(SolutionProperties) = preSolution
		HideSolutionNode = FALSE
	EndGlobalSection
	GlobalSection(ExtensibilityGlobals) = postSolution
		SolutionGuid = {00AE4FC8-0042-4419-A218-20FA32BACFD7}
	EndGlobalSection
EndGlobal
