
Microsoft Visual Studio Solution File, Format Version 12.00
# Visual Studio Version 16
VisualStudioVersion = 16.0.30320.27
MinimumVisualStudioVersion = 10.0.40219.1
Project("{FAE04EC0-301F-11D3-BF4B-00C04F79EFBC}") = "WPFEvent", "WPFEvent\WPFEvent.csproj", "{C8D0E76C-8D70-4795-90B8-22B493B17505}"
EndProject
Global
	GlobalSection(SolutionConfigurationPlatforms) = preSolution
		Debug|Any CPU = Debug|Any CPU
		Release|Any CPU = Release|Any CPU
	EndGlobalSection
	GlobalSection(ProjectConfigurationPlatforms) = postSolution
		{C8D0E76C-8D70-4795-90B8-22B493B17505}.Debug|Any CPU.ActiveCfg = Debug|Any CPU
		{C8D0E76C-8D70-4795-90B8-22B493B17505}.Debug|Any CPU.Build.0 = Debug|Any CPU
		{C8D0E76C-8D70-4795-90B8-22B493B17505}.Release|Any CPU.ActiveCfg = Release|Any CPU
		{C8D0E76C-8D70-4795-90B8-22B493B17505}.Release|Any CPU.Build.0 = Release|Any CPU
	EndGlobalSection
	GlobalSection(SolutionProperties) = preSolution
		HideSolutionNode = FALSE
	EndGlobalSection
	GlobalSection(ExtensibilityGlobals) = postSolution
		SolutionGuid = {D848B2CE-B2A8-405A-937C-858DBD5AB8D5}
	EndGlobalSection
EndGlobal
